
Microsoft Visual Studio Solution File, Format Version 12.00
# Visual Studio 15
VisualStudioVersion = 15.0.28010.2016
MinimumVisualStudioVersion = 10.0.40219.1
Project("{8BC9CEB8-8B4A-11D0-8D11-00A0C91BC942}") = "Cpp", "Cpp\Cpp.vcxproj", "{F3368B9D-31D3-46F2-B741-513529016E92}"
EndProject
Project("{8BC9CEB8-8B4A-11D0-8D11-00A0C91BC942}") = "MinimalCppExample", "MinimalCppExample\MinimalCppExample.vcxproj", "{B12F85B6-B7F0-4032-A935-8ED956C97B43}"
EndProject
Global
	GlobalSection(SolutionConfigurationPlatforms) = preSolution
		Debug|x64 = Debug|x64
		Release|x64 = Release|x64
	EndGlobalSection
	GlobalSection(ProjectConfigurationPlatforms) = postSolution
		{F3368B9D-31D3-46F2-B741-513529016E92}.Debug|x64.ActiveCfg = Debug|x64
		{F3368B9D-31D3-46F2-B741-513529016E92}.Debug|x64.Build.0 = Debug|x64
		{F3368B9D-31D3-46F2-B741-513529016E92}.Release|x64.ActiveCfg = Release|x64
		{F3368B9D-31D3-46F2-B741-513529016E92}.Release|x64.Build.0 = Release|x64
		{B12F85B6-B7F0-4032-A935-8ED956C97B43}.Debug|x64.ActiveCfg = Debug|x64
		{B12F85B6-B7F0-4032-A935-8ED956C97B43}.Debug|x64.Build.0 = Debug|x64
		{B12F85B6-B7F0-4032-A935-8ED956C97B43}.Release|x64.ActiveCfg = Release|x64
		{B12F85B6-B7F0-4032-A935-8ED956C97B43}.Release|x64.Build.0 = Release|x64
	EndGlobalSection
	GlobalSection(SolutionProperties) = preSolution
		HideSolutionNode = FALSE
	EndGlobalSection
	GlobalSection(ExtensibilityGlobals) = postSolution
		SolutionGuid = {4074CFAB-69F9-402F-BE72-B85FC5346A9D}
	EndGlobalSection
EndGlobal
